// !$*UTF8*$!
{
	archiveVersion = 1;
	classes = {
	};
	objectVersion = 46;
	objects = {

/* Begin PBXBuildFile section */
		844C88281AF22ADD0017D3FC /* main.m in Sources */ = {isa = PBXBuildFile; fileRef = 844C88271AF22ADD0017D3FC /* main.m */; };
		844C882B1AF22ADD0017D3FC /* AppDelegate.m in Sources */ = {isa = PBXBuildFile; fileRef = 844C882A1AF22ADD0017D3FC /* AppDelegate.m */; };
		844C882E1AF22ADD0017D3FC /* ViewController.m in Sources */ = {isa = PBXBuildFile; fileRef = 844C882D1AF22ADD0017D3FC /* ViewController.m */; };
		844C88311AF22ADD0017D3FC /* Main.storyboard in Resources */ = {isa = PBXBuildFile; fileRef = 844C882F1AF22ADD0017D3FC /* Main.storyboard */; };
		844C88331AF22ADD0017D3FC /* Images.xcassets in Resources */ = {isa = PBXBuildFile; fileRef = 844C88321AF22ADD0017D3FC /* Images.xcassets */; };
		844C88361AF22ADD0017D3FC /* LaunchScreen.xib in Resources */ = {isa = PBXBuildFile; fileRef = 844C88341AF22ADD0017D3FC /* LaunchScreen.xib */; };
		844C88421AF22ADD0017D3FC /* TGEmailTextFieldDemoTests.m in Sources */ = {isa = PBXBuildFile; fileRef = 844C88411AF22ADD0017D3FC /* TGEmailTextFieldDemoTests.m */; };
		844C884F1AF22BA40017D3FC /* TGEmailTextField.m in Sources */ = {isa = PBXBuildFile; fileRef = 844C884D1AF22BA40017D3FC /* TGEmailTextField.m */; };
/* End PBXBuildFile section */

/* Begin PBXContainerItemProxy section */
		844C883C1AF22ADD0017D3FC /* PBXContainerItemProxy */ = {
			isa = PBXContainerItemProxy;
			containerPortal = 844C881A1AF22ADD0017D3FC /* Project object */;
			proxyType = 1;
			remoteGlobalIDString = 844C88211AF22ADD0017D3FC;
			remoteInfo = TGEmailTextFieldDemo;
		};
/* End PBXContainerItemProxy section */

/* Begin PBXFileReference section */
		844C88221AF22ADD0017D3FC /* TGEmailTextFieldDemo.app */ = {isa = PBXFileReference; explicitFileType = wrapper.application; includeInIndex = 0; path = TGEmailTextFieldDemo.app; sourceTree = BUILT_PRODUCTS_DIR; };
		844C88261AF22ADD0017D3FC /* Info.plist */ = {isa = PBXFileReference; lastKnownFileType = text.plist.xml; path = Info.plist; sourceTree = "<group>"; };
		844C88271AF22ADD0017D3FC /* main.m */ = {isa = PBXFileReference; lastKnownFileType = sourcecode.c.objc; path = main.m; sourceTree = "<group>"; };
		844C88291AF22ADD0017D3FC /* AppDelegate.h */ = {isa = PBXFileReference; lastKnownFileType = sourcecode.c.h; path = AppDelegate.h; sourceTree = "<group>"; };
		844C882A1AF22ADD0017D3FC /* AppDelegate.m */ = {isa = PBXFileReference; lastKnownFileType = sourcecode.c.objc; path = AppDelegate.m; sourceTree = "<group>"; };
		844C882C1AF22ADD0017D3FC /* ViewController.h */ = {isa = PBXFileReference; lastKnownFileType = sourcecode.c.h; path = ViewController.h; sourceTree = "<group>"; };
		844C882D1AF22ADD0017D3FC /* ViewController.m */ = {isa = PBXFileReference; lastKnownFileType = sourcecode.c.objc; path = ViewController.m; sourceTree = "<group>"; };
		844C88301AF22ADD0017D3FC /* Base */ = {isa = PBXFileReference; lastKnownFileType = file.storyboard; name = Base; path = Base.lproj/Main.storyboard; sourceTree = "<group>"; };
		844C88321AF22ADD0017D3FC /* Images.xcassets */ = {isa = PBXFileReference; lastKnownFileType = folder.assetcatalog; path = Images.xcassets; sourceTree = "<group>"; };
		844C88351AF22ADD0017D3FC /* Base */ = {isa = PBXFileReference; lastKnownFileType = file.xib; name = Base; path = Base.lproj/LaunchScreen.xib; sourceTree = "<group>"; };
		844C883B1AF22ADD0017D3FC /* TGEmailTextFieldDemoTests.xctest */ = {isa = PBXFileReference; explicitFileType = wrapper.cfbundle; includeInIndex = 0; path = TGEmailTextFieldDemoTests.xctest; sourceTree = BUILT_PRODUCTS_DIR; };
		844C88401AF22ADD0017D3FC /* Info.plist */ = {isa = PBXFileReference; lastKnownFileType = text.plist.xml; path = Info.plist; sourceTree = "<group>"; };
		844C88411AF22ADD0017D3FC /* TGEmailTextFieldDemoTests.m */ = {isa = PBXFileReference; lastKnownFileType = sourcecode.c.objc; path = TGEmailTextFieldDemoTests.m; sourceTree = "<group>"; };
		844C884D1AF22BA40017D3FC /* TGEmailTextField.m */ = {isa = PBXFileReference; fileEncoding = 4; lastKnownFileType = sourcecode.c.objc; name = TGEmailTextField.m; path = ../../Classes/TGEmailTextField.m; sourceTree = "<group>"; };
		844C884E1AF22BA40017D3FC /* TGEmailTextField.h */ = {isa = PBXFileReference; fileEncoding = 4; lastKnownFileType = sourcecode.c.h; name = TGEmailTextField.h; path = ../../Classes/TGEmailTextField.h; sourceTree = "<group>"; };
/* End PBXFileReference section */

/* Begin PBXFrameworksBuildPhase section */
		844C881F1AF22ADD0017D3FC /* Frameworks */ = {
			isa = PBXFrameworksBuildPhase;
			buildActionMask = 2147483647;
			files = (
			);
			runOnlyForDeploymentPostprocessing = 0;
		};
		844C88381AF22ADD0017D3FC /* Frameworks */ = {
			isa = PBXFrameworksBuildPhase;
			buildActionMask = 2147483647;
			files = (
			);
			runOnlyForDeploymentPostprocessing = 0;
		};
/* End PBXFrameworksBuildPhase section */

/* Begin PBXGroup section */
		844C88191AF22ADD0017D3FC = {
			isa = PBXGroup;
			children = (
				844C88241AF22ADD0017D3FC /* TGEmailTextFieldDemo */,
				844C883E1AF22ADD0017D3FC /* TGEmailTextFieldDemoTests */,
				844C88231AF22ADD0017D3FC /* Products */,
			);
			sourceTree = "<group>";
		};
		844C88231AF22ADD0017D3FC /* Products */ = {
			isa = PBXGroup;
			children = (
				844C88221AF22ADD0017D3FC /* TGEmailTextFieldDemo.app */,
				844C883B1AF22ADD0017D3FC /* TGEmailTextFieldDemoTests.xctest */,
			);
			name = Products;
			sourceTree = "<group>";
		};
		844C88241AF22ADD0017D3FC /* TGEmailTextFieldDemo */ = {
			isa = PBXGroup;
			children = (
				844C884E1AF22BA40017D3FC /* TGEmailTextField.h */,
				844C884D1AF22BA40017D3FC /* TGEmailTextField.m */,
				844C88291AF22ADD0017D3FC /* AppDelegate.h */,
				844C882A1AF22ADD0017D3FC /* AppDelegate.m */,
				844C882C1AF22ADD0017D3FC /* ViewController.h */,
				844C882D1AF22ADD0017D3FC /* ViewController.m */,
				844C882F1AF22ADD0017D3FC /* Main.storyboard */,
				844C88321AF22ADD0017D3FC /* Images.xcassets */,
				844C88341AF22ADD0017D3FC /* LaunchScreen.xib */,
				844C88251AF22ADD0017D3FC /* Supporting Files */,
			);
			path = TGEmailTextFieldDemo;
			sourceTree = "<group>";
		};
		844C88251AF22ADD0017D3FC /* Supporting Files */ = {
			isa = PBXGroup;
			children = (
				844C88261AF22ADD0017D3FC /* Info.plist */,
				844C88271AF22ADD0017D3FC /* main.m */,
			);
			name = "Supporting Files";
			sourceTree = "<group>";
		};
		844C883E1AF22ADD0017D3FC /* TGEmailTextFieldDemoTests */ = {
			isa = PBXGroup;
			children = (
				844C88411AF22ADD0017D3FC /* TGEmailTextFieldDemoTests.m */,
				844C883F1AF22ADD0017D3FC /* Supporting Files */,
			);
			path = TGEmailTextFieldDemoTests;
			sourceTree = "<group>";
		};
		844C883F1AF22ADD0017D3FC /* Supporting Files */ = {
			isa = PBXGroup;
			children = (
				844C88401AF22ADD0017D3FC /* Info.plist */,
			);
			name = "Supporting Files";
			sourceTree = "<group>";
		};
/* End PBXGroup section */

/* Begin PBXNativeTarget section */
		844C88211AF22ADD0017D3FC /* TGEmailTextFieldDemo */ = {
			isa = PBXNativeTarget;
			buildConfigurationList = 844C88451AF22ADD0017D3FC /* Build configuration list for PBXNativeTarget "TGEmailTextFieldDemo" */;
			buildPhases = (
				844C881E1AF22ADD0017D3FC /* Sources */,
				844C881F1AF22ADD0017D3FC /* Frameworks */,
				844C88201AF22ADD0017D3FC /* Resources */,
			);
			buildRules = (
			);
			dependencies = (
			);
			name = TGEmailTextFieldDemo;
			productName = TGEmailTextFieldDemo;
			productReference = 844C88221AF22ADD0017D3FC /* TGEmailTextFieldDemo.app */;
			productType = "com.apple.product-type.application";
		};
		844C883A1AF22ADD0017D3FC /* TGEmailTextFieldDemoTests */ = {
			isa = PBXNativeTarget;
			buildConfigurationList = 844C88481AF22ADD0017D3FC /* Build configuration list for PBXNativeTarget "TGEmailTextFieldDemoTests" */;
			buildPhases = (
				844C88371AF22ADD0017D3FC /* Sources */,
				844C88381AF22ADD0017D3FC /* Frameworks */,
				844C88391AF22ADD0017D3FC /* Resources */,
			);
			buildRules = (
			);
			dependencies = (
				844C883D1AF22ADD0017D3FC /* PBXTargetDependency */,
			);
			name = TGEmailTextFieldDemoTests;
			productName = TGEmailTextFieldDemoTests;
			productReference = 844C883B1AF22ADD0017D3FC /* TGEmailTextFieldDemoTests.xctest */;
			productType = "com.apple.product-type.bundle.unit-test";
		};
/* End PBXNativeTarget section */

/* Begin PBXProject section */
		844C881A1AF22ADD0017D3FC /* Project object */ = {
			isa = PBXProject;
			attributes = {
				LastUpgradeCheck = 0630;
				ORGANIZATIONNAME = aksh1t;
				TargetAttributes = {
					844C88211AF22ADD0017D3FC = {
						CreatedOnToolsVersion = 6.3;
					};
					844C883A1AF22ADD0017D3FC = {
						CreatedOnToolsVersion = 6.3;
						TestTargetID = 844C88211AF22ADD0017D3FC;
					};
				};
			};
			buildConfigurationList = 844C881D1AF22ADD0017D3FC /* Build configuration list for PBXProject "TGEmailTextFieldDemo" */;
			compatibilityVersion = "Xcode 3.2";
			developmentRegion = English;
			hasScannedForEncodings = 0;
			knownRegions = (
				en,
				Base,
			);
			mainGroup = 844C88191AF22ADD0017D3FC;
			productRefGroup = 844C88231AF22ADD0017D3FC /* Products */;
			projectDirPath = "";
			projectRoot = "";
			targets = (
				844C88211AF22ADD0017D3FC /* TGEmailTextFieldDemo */,
				844C883A1AF22ADD0017D3FC /* TGEmailTextFieldDemoTests */,
			);
		};
/* End PBXProject section */

/* Begin PBXResourcesBuildPhase section */
		844C88201AF22ADD0017D3FC /* Resources */ = {
			isa = PBXResourcesBuildPhase;
			buildActionMask = 2147483647;
			files = (
				844C88311AF22ADD0017D3FC /* Main.storyboard in Resources */,
				844C88361AF22ADD0017D3FC /* LaunchScreen.xib in Resources */,
				844C88331AF22ADD0017D3FC /* Images.xcassets in Resources */,
			);
			runOnlyForDeploymentPostprocessing = 0;
		};
		844C88391AF22ADD0017D3FC /* Resources */ = {
			isa = PBXResourcesBuildPhase;
			buildActionMask = 2147483647;
			files = (
			);
			runOnlyForDeploymentPostprocessing = 0;
		};
/* End PBXResourcesBuildPhase section */

/* Begin PBXSourcesBuildPhase section */
		844C881E1AF22ADD0017D3FC /* Sources */ = {
			isa = PBXSourcesBuildPhase;
			buildActionMask = 2147483647;
			files = (
				844C882E1AF22ADD0017D3FC /* ViewController.m in Sources */,
				844C884F1AF22BA40017D3FC /* TGEmailTextField.m in Sources */,
				844C882B1AF22ADD0017D3FC /* AppDelegate.m in Sources */,
				844C88281AF22ADD0017D3FC /* main.m in Sources */,
			);
			runOnlyForDeploymentPostprocessing = 0;
		};
		844C88371AF22ADD0017D3FC /* Sources */ = {
			isa = PBXSourcesBuildPhase;
			buildActionMask = 2147483647;
			files = (
				844C88421AF22ADD0017D3FC /* TGEmailTextFieldDemoTests.m in Sources */,
			);
			runOnlyForDeploymentPostprocessing = 0;
		};
/* End PBXSourcesBuildPhase section */

/* Begin PBXTargetDependency section */
		844C883D1AF22ADD0017D3FC /* PBXTargetDependency */ = {
			isa = PBXTargetDependency;
			target = 844C88211AF22ADD0017D3FC /* TGEmailTextFieldDemo */;
			targetProxy = 844C883C1AF22ADD0017D3FC /* PBXContainerItemProxy */;
		};
/* End PBXTargetDependency section */

/* Begin PBXVariantGroup section */
		844C882F1AF22ADD0017D3FC /* Main.storyboard */ = {
			isa = PBXVariantGroup;
			children = (
				844C88301AF22ADD0017D3FC /* Base */,
			);
			name = Main.storyboard;
			sourceTree = "<group>";
		};
		844C88341AF22ADD0017D3FC /* LaunchScreen.xib */ = {
			isa = PBXVariantGroup;
			children = (
				844C88351AF22ADD0017D3FC /* Base */,
			);
			name = LaunchScreen.xib;
			sourceTree = "<group>";
		};
/* End PBXVariantGroup section */

/* Begin XCBuildConfiguration section */
		844C88431AF22ADD0017D3FC /* Debug */ = {
			isa = XCBuildConfiguration;
			buildSettings = {
				ALWAYS_SEARCH_USER_PATHS = NO;
				CLANG_CXX_LANGUAGE_STANDARD = "gnu++0x";
				CLANG_CXX_LIBRARY = "libc++";
				CLANG_ENABLE_MODULES = YES;
				CLANG_ENABLE_OBJC_ARC = YES;
				CLANG_WARN_BOOL_CONVERSION = YES;
				CLANG_WARN_CONSTANT_CONVERSION = YES;
				CLANG_WARN_DIRECT_OBJC_ISA_USAGE = YES_ERROR;
				CLANG_WARN_EMPTY_BODY = YES;
				CLANG_WARN_ENUM_CONVERSION = YES;
				CLANG_WARN_INT_CONVERSION = YES;
				CLANG_WARN_OBJC_ROOT_CLASS = YES_ERROR;
				CLANG_WARN_UNREACHABLE_CODE = YES;
				CLANG_WARN__DUPLICATE_METHOD_MATCH = YES;
				"CODE_SIGN_IDENTITY[sdk=iphoneos*]" = "iPhone Developer";
				COPY_PHASE_STRIP = NO;
				DEBUG_INFORMATION_FORMAT = "dwarf-with-dsym";
				ENABLE_STRICT_OBJC_MSGSEND = YES;
				GCC_C_LANGUAGE_STANDARD = gnu99;
				GCC_DYNAMIC_NO_PIC = NO;
				GCC_NO_COMMON_BLOCKS = YES;
				GCC_OPTIMIZATION_LEVEL = 0;
				GCC_PREPROCESSOR_DEFINITIONS = (
					"DEBUG=1",
					"$(inherited)",
				);
				GCC_SYMBOLS_PRIVATE_EXTERN = NO;
				GCC_WARN_64_TO_32_BIT_CONVERSION = YES;
				GCC_WARN_ABOUT_RETURN_TYPE = YES_ERROR;
				GCC_WARN_UNDECLARED_SELECTOR = YES;
				GCC_WARN_UNINITIALIZED_AUTOS = YES_AGGRESSIVE;
				GCC_WARN_UNUSED_FUNCTION = YES;
				GCC_WARN_UNUSED_VARIABLE = YES;
				IPHONEOS_DEPLOYMENT_TARGET = 8.3;
				MTL_ENABLE_DEBUG_INFO = YES;
				ONLY_ACTIVE_ARCH = YES;
				SDKROOT = iphoneos;
			};
			name = Debug;
		};
		844C88441AF22ADD0017D3FC /* Release */ = {
			isa = XCBuildConfiguration;
			buildSettings = {
				ALWAYS_SEARCH_USER_PATHS = NO;
				CLANG_CXX_LANGUAGE_STANDARD = "gnu++0x";
				CLANG_CXX_LIBRARY = "libc++";
				CLANG_ENABLE_MODULES = YES;
				CLANG_ENABLE_OBJC_ARC = YES;
				CLANG_WARN_BOOL_CONVERSION = YES;
				CLANG_WARN_CONSTANT_CONVERSION = YES;
				CLANG_WARN_DIRECT_OBJC_ISA_USAGE = YES_ERROR;
				CLANG_WARN_EMPTY_BODY = YES;
				CLANG_WARN_ENUM_CONVERSION = YES;
				CLANG_WARN_INT_CONVERSION = YES;
				CLANG_WARN_OBJC_ROOT_CLASS = YES_ERROR;
				CLANG_WARN_UNREACHABLE_CODE = YES;
				CLANG_WARN__DUPLICATE_METHOD_MATCH = YES;
				"CODE_SIGN_IDENTITY[sdk=iphoneos*]" = "iPhone Developer";
				COPY_PHASE_STRIP = NO;
				DEBUG_INFORMATION_FORMAT = "dwarf-with-dsym";
				ENABLE_NS_ASSERTIONS = NO;
				ENABLE_STRICT_OBJC_MSGSEND = YES;
				GCC_C_LANGUAGE_STANDARD = gnu99;
				GCC_NO_COMMON_BLOCKS = YES;
				GCC_WARN_64_TO_32_BIT_CONVERSION = YES;
				GCC_WARN_ABOUT_RETURN_TYPE = YES_ERROR;
				GCC_WARN_UNDECLARED_SELECTOR = YES;
				GCC_WARN_UNINITIALIZED_AUTOS = YES_AGGRESSIVE;
				GCC_WARN_UNUSED_FUNCTION = YES;
				GCC_WARN_UNUSED_VARIABLE = YES;
				IPHONEOS_DEPLOYMENT_TARGET = 8.3;
				MTL_ENABLE_DEBUG_INFO = NO;
				SDKROOT = iphoneos;
				VALIDATE_PRODUCT = YES;
			};
			name = Release;
		};
		844C88461AF22ADD0017D3FC /* Debug */ = {
			isa = XCBuildConfiguration;
			buildSettings = {
				ASSETCATALOG_COMPILER_APPICON_NAME = AppIcon;
				INFOPLIST_FILE = TGEmailTextFieldDemo/Info.plist;
				LD_RUNPATH_SEARCH_PATHS = "$(inherited) @executable_path/Frameworks";
				PRODUCT_NAME = "$(TARGET_NAME)";
			};
			name = Debug;
		};
		844C88471AF22ADD0017D3FC /* Release */ = {
			isa = XCBuildConfiguration;
			buildSettings = {
				ASSETCATALOG_COMPILER_APPICON_NAME = AppIcon;
				INFOPLIST_FILE = TGEmailTextFieldDemo/Info.plist;
				LD_RUNPATH_SEARCH_PATHS = "$(inherited) @executable_path/Frameworks";
				PRODUCT_NAME = "$(TARGET_NAME)";
			};
			name = Release;
		};
		844C88491AF22ADD0017D3FC /* Debug */ = {
			isa = XCBuildConfiguration;
			buildSettings = {
				BUNDLE_LOADER = "$(TEST_HOST)";
				FRAMEWORK_SEARCH_PATHS = (
					"$(SDKROOT)/Developer/Library/Frameworks",
					"$(inherited)",
				);
				GCC_PREPROCESSOR_DEFINITIONS = (
					"DEBUG=1",
					"$(inherited)",
				);
				INFOPLIST_FILE = TGEmailTextFieldDemoTests/Info.plist;
				LD_RUNPATH_SEARCH_PATHS = "$(inherited) @executable_path/Frameworks @loader_path/Frameworks";
				PRODUCT_NAME = "$(TARGET_NAME)";
				TEST_HOST = "$(BUILT_PRODUCTS_DIR)/TGEmailTextFieldDemo.app/TGEmailTextFieldDemo";
			};
			name = Debug;
		};
		844C884A1AF22ADD0017D3FC /* Release */ = {
			isa = XCBuildConfiguration;
			buildSettings = {
				BUNDLE_LOADER = "$(TEST_HOST)";
				FRAMEWORK_SEARCH_PATHS = (
					"$(SDKROOT)/Developer/Library/Frameworks",
					"$(inherited)",
				);
				INFOPLIST_FILE = TGEmailTextFieldDemoTests/Info.plist;
				LD_RUNPATH_SEARCH_PATHS = "$(inherited) @executable_path/Frameworks @loader_path/Frameworks";
				PRODUCT_NAME = "$(TARGET_NAME)";
				TEST_HOST = "$(BUILT_PRODUCTS_DIR)/TGEmailTextFieldDemo.app/TGEmailTextFieldDemo";
			};
			name = Release;
		};
/* End XCBuildConfiguration section */

/* Begin XCConfigurationList section */
		844C881D1AF22ADD0017D3FC /* Build configuration list for PBXProject "TGEmailTextFieldDemo" */ = {
			isa = XCConfigurationList;
			buildConfigurations = (
				844C88431AF22ADD0017D3FC /* Debug */,
				844C88441AF22ADD0017D3FC /* Release */,
			);
			defaultConfigurationIsVisible = 0;
			defaultConfigurationName = Release;
		};
		844C88451AF22ADD0017D3FC /* Build configuration list for PBXNativeTarget "TGEmailTextFieldDemo" */ = {
			isa = XCConfigurationList;
			buildConfigurations = (
				844C88461AF22ADD0017D3FC /* Debug */,
				844C88471AF22ADD0017D3FC /* Release */,
			);
			defaultConfigurationIsVisible = 0;
			defaultConfigurationName = Release;
		};
		844C88481AF22ADD0017D3FC /* Build configuration list for PBXNativeTarget "TGEmailTextFieldDemoTests" */ = {
			isa = XCConfigurationList;
			buildConfigurations = (
				844C88491AF22ADD0017D3FC /* Debug */,
				844C884A1AF22ADD0017D3FC /* Release */,
			);
			defaultConfigurationIsVisible = 0;
			defaultConfigurationName = Release;
		};
/* End XCConfigurationList section */
	};
	rootObject = 844C881A1AF22ADD0017D3FC /* Project object */;
}
